
Microsoft Visual Studio Solution File, Format Version 12.00
# Visual Studio Version 16
VisualStudioVersion = 16.0.31702.278
MinimumVisualStudioVersion = 10.0.40219.1
Project("{8BC9CEB8-8B4A-11D0-8D11-00A0C91BC942}") = "qwerty", "qwerty.vcxproj", "{B6FD547E-B3B3-4523-9A71-1A96A9C80134}"
EndProject
Project("{8BC9CEB8-8B4A-11D0-8D11-00A0C91BC942}") = "qwerty3", "..\qwerty3\qwerty3.vcxproj", "{EB242AE6-FF61-4707-8780-5083FAB1337F}"
EndProject
Global
	GlobalSection(SolutionConfigurationPlatforms) = preSolution
		Debug|x64 = Debug|x64
		Debug|x86 = Debug|x86
		Release|x64 = Release|x64
		Release|x86 = Release|x86
	EndGlobalSection
	GlobalSection(ProjectConfigurationPlatforms) = postSolution
		{B6FD547E-B3B3-4523-9A71-1A96A9C80134}.Debug|x64.ActiveCfg = Debug|x64
		{B6FD547E-B3B3-4523-9A71-1A96A9C80134}.Debug|x64.Build.0 = Debug|x64
		{B6FD547E-B3B3-4523-9A71-1A96A9C80134}.Debug|x86.ActiveCfg = Debug|Win32
		{B6FD547E-B3B3-4523-9A71-1A96A9C80134}.Debug|x86.Build.0 = Debug|Win32
		{B6FD547E-B3B3-4523-9A71-1A96A9C80134}.Release|x64.ActiveCfg = Release|x64
		{B6FD547E-B3B3-4523-9A71-1A96A9C80134}.Release|x64.Build.0 = Release|x64
		{B6FD547E-B3B3-4523-9A71-1A96A9C80134}.Release|x86.ActiveCfg = Release|Win32
		{B6FD547E-B3B3-4523-9A71-1A96A9C80134}.Release|x86.Build.0 = Release|Win32
		{EB242AE6-FF61-4707-8780-5083FAB1337F}.Debug|x64.ActiveCfg = Debug|x64
		{EB242AE6-FF61-4707-8780-5083FAB1337F}.Debug|x64.Build.0 = Debug|x64
		{EB242AE6-FF61-4707-8780-5083FAB1337F}.Debug|x86.ActiveCfg = Debug|Win32
		{EB242AE6-FF61-4707-8780-5083FAB1337F}.Debug|x86.Build.0 = Debug|Win32
		{EB242AE6-FF61-4707-8780-5083FAB1337F}.Release|x64.ActiveCfg = Release|x64
		{EB242AE6-FF61-4707-8780-5083FAB1337F}.Release|x64.Build.0 = Release|x64
		{EB242AE6-FF61-4707-8780-5083FAB1337F}.Release|x86.ActiveCfg = Release|Win32
		{EB242AE6-FF61-4707-8780-5083FAB1337F}.Release|x86.Build.0 = Release|Win32
	EndGlobalSection
	GlobalSection(SolutionProperties) = preSolution
		HideSolutionNode = FALSE
	EndGlobalSection
	GlobalSection(ExtensibilityGlobals) = postSolution
		SolutionGuid = {F734D679-7A67-4B5F-9C43-C73525B75B9E}
	EndGlobalSection
EndGlobal
